version = 1
revision = 3
requires-python = ">=3.14"

[[package]]
name = "markdown-it-py"
version = "4.2.0"
source = { registry = "https://pypi.org/simple" }
dependencies = [
    { name = "mdurl" },
]
sdist = { url = "https://files.pythonhosted.org/packages/06/ff/7841249c247aa650a76b9ee4bbaeae59370dc8bfd2f6c01f3630c35eb134/markdown_it_py-4.2.0.tar.gz", hash = "sha256:04a21681d6fbb623de53f6f364d352309d4094dd4194040a10fd51833e418d49", size = 82454, upload-time = "2026-05-07T12:08:28.36Z" }
wheels = [
    { url = "https://files.pythonhosted.org/packages/b3/81/4da04ced5a082363ecfa159c010d200ecbd959ae410c10c0264a38cac0f5/markdown_it_py-4.2.0-py3-none-any.whl", hash = "sha256:9f7ebbcd14fe59494226453aed97c1070d83f8d24b6fc3a3bcf9a38092641c4a", size = 91687, upload-time = "2026-05-07T12:08:27.182Z" },
]

[[package]]
name = "mdurl"
version = "0.1.2"
source = { registry = "https://pypi.org/simple" }
sdist = { url = "https://files.pythonhosted.org/packages/d6/54/cfe61301667036ec958cb99bd3efefba235e65cdeb9c84d24a8293ba1d90/mdurl-0.1.2.tar.gz", hash = "sha256:bb413d29f5eea38f31dd4754dd7377d4465116fb207585f97bf925588687c1ba", size = 8729, upload-time = "2022-08-14T12:40:10.846Z" }
wheels = [
    { url = "https://files.pythonhosted.org/packages/b3/38/89ba8ad64ae25be8de66a6d463314cf1eb366222074cfda9ee839c56a4b4/mdurl-0.1.2-py3-none-any.whl", hash = "sha256:84008a41e51615a49fc9966191ff91509e3c40b939176e643fd50a5c2196b8f8", size = 9979, upload-time = "2022-08-14T12:40:09.779Z" },
]

[[package]]
name = "pygments"
version = "2.20.0"
source = { registry = "https://pypi.org/simple" }
sdist = { url = "https://files.pythonhosted.org/packages/c3/b2/bc9c9196916376152d655522fdcebac55e66de6603a76a02bca1b6414f6c/pygments-2.20.0.tar.gz", hash = "sha256:6757cd03768053ff99f3039c1a36d6c0aa0b263438fcab17520b30a303a82b5f", size = 4955991, upload-time = "2026-03-29T13:29:33.898Z" }
wheels = [
    { url = "https://files.pythonhosted.org/packages/f4/7e/a72dd26f3b0f4f2bf1dd8923c85f7ceb43172af56d63c7383eb62b332364/pygments-2.20.0-py3-none-any.whl", hash = "sha256:81a9e26dd42fd28a23a2d169d86d7ac03b46e2f8b59ed4698fb4785f946d0176", size = 1231151, upload-time = "2026-03-29T13:29:30.038Z" },
]

[[package]]
name = "recoll-webui-docker"
version = "0.1.0"
source = { editable = "." }
dependencies = [
    { name = "rich" },
]

[package.dev-dependencies]
dev = [
    { name = "ruff" },
    { name = "ty" },
]

[package.metadata]
requires-dist = [{ name = "rich", specifier = ">=15.0.0" }]

[package.metadata.requires-dev]
dev = [
    { name = "ruff", specifier = ">=0.16.1" },
    { name = "ty", specifier = ">=0.0.66" },
]

[[package]]
name = "rich"
version = "15.0.0"
source = { registry = "https://pypi.org/simple" }
dependencies = [
    { name = "markdown-it-py" },
    { name = "pygments" },
]
sdist = { url = "https://files.pythonhosted.org/packages/c0/8f/0722ca900cc807c13a6a0c696dacf35430f72e0ec571c4275d2371fca3e9/rich-15.0.0.tar.gz", hash = "sha256:edd07a4824c6b40189fb7ac9bc4c52536e9780fbbfbddf6f1e2502c31b068c36", size = 230680, upload-time = "2026-04-12T08:24:00.75Z" }
wheels = [
    { url = "https://files.pythonhosted.org/packages/82/3b/64d4899d73f91ba49a8c18a8ff3f0ea8f1c1d75481760df8c68ef5235bf5/rich-15.0.0-py3-none-any.whl", hash = "sha256:33bd4ef74232fb73fe9279a257718407f169c09b78a87ad3d296f548e27de0bb", size = 310654, upload-time = "2026-04-12T08:24:02.83Z" },
]

[[package]]
name = "ruff"
version = "0.16.1"
source = { registry = "https://pypi.org/simple" }
sdist = { url = "https://files.pythonhosted.org/packages/70/25/7113f6d5498888c5fb7db34081cba7d5971c4cb1bfb26819966eee68f003/ruff-0.16.1.tar.gz", hash = "sha256:fedad7c801dabd3fb9741d76aca39246e6ddd9ca446a015875207bf19f1e6bc7", size = 4877500, upload-time = "2026-07-30T19:37:01.379Z" }
wheels = [
    { url = "https://files.pythonhosted.org/packages/1b/bd/694da69368e0973de65df2ddc73ab18d43c469d5963d9b150911de6bc513/ruff-0.16.1-py3-none-linux_armv6l.whl", hash = "sha256:58edb313b88f0c5460a26adf5f39a37a3be789494a15e3e411e35fa78b89f9a0", size = 10839126, upload-time = "2026-07-30T19:36:13.697Z" },
    { url = "https://files.pythonhosted.org/packages/3f/f0/b626e5d5bd0dd9576263658ef12885e2288afd1029a48e26ffed65ec1ac1/ruff-0.16.1-py3-none-macosx_10_12_x86_64.whl", hash = "sha256:fde5a99e2f97479af66edd6622c6d5a2a7592c77cf4153d9e4428f5eeb55b60c", size = 11070253, upload-time = "2026-07-30T19:36:17.14Z" },
    { url = "https://files.pythonhosted.org/packages/83/63/f40acfb6b35b88623e71684942b552c3edd96035f5d98f313815f7b277de/ruff-0.16.1-py3-none-macosx_11_0_arm64.whl", hash = "sha256:e0d4c20532fca4f7fa609369161d968dd28f65d83dabbd61d8e9c7edbf7001f6", size = 10561425, upload-time = "2026-07-30T19:36:20.04Z" },
    { url = "https://files.pythonhosted.org/packages/aa/dd/14ec0e9c2b4d315547dd38765004b4863e354e1b52cb308272215d9f6f6d/ruff-0.16.1-py3-none-manylinux_2_17_aarch64.manylinux2014_aarch64.whl", hash = "sha256:30affbcedf59ad5703d9c91f82266e02b47739f797e1a7b6e158e5526a6dae38", size = 10948879, upload-time = "2026-07-30T19:36:22.476Z" },
    { url = "https://files.pythonhosted.org/packages/33/e9/9d870cbae575030fdef595f04b4b97573c525b5497cce4f4498cf2f85446/ruff-0.16.1-py3-none-manylinux_2_17_armv7l.manylinux2014_armv7l.whl", hash = "sha256:24e9c631573cbca9d20f1283f8f479b2afa4a8503504822bd71a293889f16743", size = 10643691, upload-time = "2026-07-30T19:36:24.914Z" },
    { url = "https://files.pythonhosted.org/packages/c4/09/12743d544e2173f53ecd27217c65f90d2bc0f8424a66a60339e56bbc0457/ruff-0.16.1-py3-none-manylinux_2_17_i686.manylinux2014_i686.whl", hash = "sha256:b41bdd48fb420987a9b5212e4957c26ad4abce401fa9ea9d4d85843727945f4f", size = 11435354, upload-time = "2026-07-30T19:36:28.447Z" },
    { url = "https://files.pythonhosted.org/packages/7f/89/a1652b2daee52083c9554a6333b678a8b01d0400f976827bb87857f9449a/ruff-0.16.1-py3-none-manylinux_2_17_ppc64le.manylinux2014_ppc64le.whl", hash = "sha256:b0d1e1393b7648079e13669de1c1f4fde06d4583e84d8fd5c1551e0a77a2aa75", size = 12259033, upload-time = "2026-07-30T19:36:31.326Z" },
    { url = "https://files.pythonhosted.org/packages/16/96/ecdcb8c54ee7b123b487f807eb014e6e019155a0b81dfb669acd52f28ce3/ruff-0.16.1-py3-none-manylinux_2_17_s390x.manylinux2014_s390x.whl", hash = "sha256:07bf434b1c95f4e093be4532068ef4fcf00924eb2ade8796075980902d6fd54a", size = 11667981, upload-time = "2026-07-30T19:36:34.394Z" },
    { url = "https://files.pythonhosted.org/packages/cd/90/c52e12e0d862e9572f2a33aa227409143520abe53111e9a6babbac7b4af8/ruff-0.16.1-py3-none-manylinux_2_17_x86_64.manylinux2014_x86_64.whl", hash = "sha256:39897739f112253ee4fdd2e8aa9a4f9ded99fb2be367d5f31dfa4ded6025584c", size = 11468183, upload-time = "2026-07-30T19:36:37.339Z" },
    { url = "https://files.pythonhosted.org/packages/2c/6b/4ffb7ad1d83eb16cf8cbb3c8815d3f11c88460fd162d4b372a2059be1c2a/ruff-0.16.1-py3-none-manylinux_2_31_riscv64.whl", hash = "sha256:82ae3c0c0d74daf17b968a10b7b3bb3ef297ab7de0c1f749646b25e690ccb150", size = 11470071, upload-time = "2026-07-30T19:36:39.91Z" },
    { url = "https://files.pythonhosted.org/packages/9c/72/32ae7db4c0b5e32ab611787caa19d1546800676d79f7483b7100a3561bf4/ruff-0.16.1-py3-none-musllinux_1_2_aarch64.whl", hash = "sha256:4d5f2ed10f8242d83fc08d521301089364e3375375705356f20c0e31606ef3ef", size = 10919503, upload-time = "2026-07-30T19:36:42.65Z" },
    { url = "https://files.pythonhosted.org/packages/f7/ca/3d901ba6ad6fc38da39c3448fc6c59ac945679293a17c3ceb6d6c1cba13e/ruff-0.16.1-py3-none-musllinux_1_2_armv7l.whl", hash = "sha256:a4665b309891f83f3e3c25447935f1213e9abbd4b5640af7a1f2def9f8d413c1", size = 10649861, upload-time = "2026-07-30T19:36:45.18Z" },
    { url = "https://files.pythonhosted.org/packages/92/79/894ef1ced26552d5f8c9cf6d85b0687840e1128c55aeab7b9c2d54a0d880/ruff-0.16.1-py3-none-musllinux_1_2_i686.whl", hash = "sha256:26e9ca5c9bc3971f20d3cf18a957f52ffd6a5f6564ff15c4912a144dcac22494", size = 11148137, upload-time = "2026-07-30T19:36:47.936Z" },
    { url = "https://files.pythonhosted.org/packages/2d/69/3609a09fa1cb46cc28b762363e440a354204e5dff01bd0c8d7437874d6b9/ruff-0.16.1-py3-none-musllinux_1_2_x86_64.whl", hash = "sha256:67e1e1e3fa4f0c82f0e36d4cd61e661f6e7a6196cb1aa92fe0828fa7b8f257cd", size = 11559211, upload-time = "2026-07-30T19:36:50.448Z" },
    { url = "https://files.pythonhosted.org/packages/fc/8a/fb22af2fd78a736e241fabf67e30ce1799a64244026377a49e133af90762/ruff-0.16.1-py3-none-win32.whl", hash = "sha256:d31765e131295b8445caf301e3e8a85b34d1b9b211b4109b7ba457888b051806", size = 10838258, upload-time = "2026-07-30T19:36:53.298Z" },
    { url = "https://files.pythonhosted.org/packages/d4/35/e57fd9fb5d423961df087a00b12d42c0a830288dc2f3b45ecca299158b4f/ruff-0.16.1-py3-none-win_amd64.whl", hash = "sha256:09b05e8b90c2cb06ad63464350e7a45e8e44a2dfe52072ebfba6666ca8d3f596", size = 11961111, upload-time = "2026-07-30T19:36:56.107Z" },
    { url = "https://files.pythonhosted.org/packages/cb/46/240ea004bf6dc4feb40e9832f2205a476a47dd5b8a3f8211a5fc5f95e20e/ruff-0.16.1-py3-none-win_arm64.whl", hash = "sha256:dbaadaac38c70239f056d306b7476f246b0bf000fa6b3876402acbf5b227eaf8", size = 11309414, upload-time = "2026-07-30T19:36:58.79Z" },
]

[[package]]
name = "ty"
version = "0.0.66"
source = { registry = "https://pypi.org/simple" }
sdist = { url = "https://files.pythonhosted.org/packages/cd/58/4f6ab2a86589e422a3cf840bcf6114c565e4c39ddf4d0b7cd328af5b52b4/ty-0.0.66.tar.gz", hash = "sha256:24bddd4479ce445b51ac015410dd2d34af1cadd62a77f5b3cb269149ed83f9b5", size = 6520402, upload-time = "2026-08-04T01:09:47.714Z" }
wheels = [
    { url = "https://files.pythonhosted.org/packages/45/4d/bbc28310d6d887ef73e5800f062c4bf54caa35a1b47d70c7b03d0515ecf1/ty-0.0.66-py3-none-linux_armv6l.whl", hash = "sha256:8b46450438b54b732338e4d7a78a7d2f5e1a012a13d77d121aacaca20fb814e2", size = 12409743, upload-time = "2026-08-04T01:09:01.229Z" },
    { url = "https://files.pythonhosted.org/packages/73/4e/c3d2eb2242fa0a2ef445ca2c7009dc9118e5b3dcb8b8a8bec70d58c8e4bc/ty-0.0.66-py3-none-macosx_10_12_x86_64.whl", hash = "sha256:8e4adbe662bc3c62b52b83d46b07f703fdc3c123bb72601606c58be5ea017ed3", size = 12078362, upload-time = "2026-08-04T01:09:04.233Z" },
    { url = "https://files.pythonhosted.org/packages/fa/ba/7a4b5e45d701a8de6b714dacf6ffca91b0411baaceaa781d494037623a18/ty-0.0.66-py3-none-macosx_11_0_arm64.whl", hash = "sha256:776814351735847eb934f9a3cbea21d2278ba14aa0fc099f683da11bc2d5c90a", size = 11583289, upload-time = "2026-08-04T01:09:06.973Z" },
    { url = "https://files.pythonhosted.org/packages/4a/4a/fbb1f71ee2999f981f8c4b3b139231e4bcff4ede0c3b37e858fd1334ed26/ty-0.0.66-py3-none-manylinux_2_17_aarch64.manylinux2014_aarch64.whl", hash = "sha256:cca1da877f613965b954bfd22d495386e260ec767c5536c8022cca98a260ea5d", size = 12137274, upload-time = "2026-08-04T01:09:09.592Z" },
    { url = "https://files.pythonhosted.org/packages/d5/07/9e0662f6603a5ac171ae6b314396e677ead4b45695fc948efb0a4837051f/ty-0.0.66-py3-none-manylinux_2_17_armv7l.manylinux2014_armv7l.whl", hash = "sha256:aa523e777bc36c0fbf8ded5844096f46cbfc3712fe5a003351a94259b7e86cf4", size = 12207047, upload-time = "2026-08-04T01:09:12.533Z" },
    { url = "https://files.pythonhosted.org/packages/bb/cc/12e01bc2ea47fa7bf20fc6cdd3249d6a340be9be4edc52b1d77256245dd0/ty-0.0.66-py3-none-manylinux_2_17_i686.manylinux2014_i686.whl", hash = "sha256:3f7993c1f95f80a4e44056e6aaf8e46e608d778db131ae5ce59262ab59358f9a", size = 12919304, upload-time = "2026-08-04T01:09:15.175Z" },
    { url = "https://files.pythonhosted.org/packages/75/88/c6c0d3a8e71c9cdb560cc5c627a4bba6c47b5eec460b2f8c449b57c6d03a/ty-0.0.66-py3-none-manylinux_2_17_ppc64le.manylinux2014_ppc64le.whl", hash = "sha256:f9b29354bcbac9f53b6952d8f46789bd81eeb9bdd7a68df7d26e654ca7498c3c", size = 13470963, upload-time = "2026-08-04T01:09:17.849Z" },
    { url = "https://files.pythonhosted.org/packages/27/c2/2f8c18063412ad80e1b3f87afce7bd50982b4a048166607b67f80660a9fb/ty-0.0.66-py3-none-manylinux_2_17_s390x.manylinux2014_s390x.whl", hash = "sha256:fbf4e5325f7f584d9c346946e7c415b2e3cd3b8f1119d468082a90a6afd020ce", size = 13244773, upload-time = "2026-08-04T01:09:20.59Z" },
    { url = "https://files.pythonhosted.org/packages/ed/f6/fdae2b95831116dffc055ad53a99a8f21437263651047b3ad46def4950a3/ty-0.0.66-py3-none-manylinux_2_17_x86_64.manylinux2014_x86_64.whl", hash = "sha256:7bd304363764bd723c22fb20b17035c345420fdf66fee856934b158ebde08a91", size = 12751343, upload-time = "2026-08-04T01:09:23.225Z" },
    { url = "https://files.pythonhosted.org/packages/14/1e/7e75f0371d11463a256dc2bee98b0df401e0fa06021e200b8b601d21949d/ty-0.0.66-py3-none-manylinux_2_31_riscv64.whl", hash = "sha256:205d8589bd957ea9718d488b731b2fbdd0d1b1cefd37c79f52c0deb7cafddfef", size = 13068057, upload-time = "2026-08-04T01:09:26.052Z" },
    { url = "https://files.pythonhosted.org/packages/b4/84/f20f24518f6f0bea936e2e668ede250b9ce0774624559931599bd1f42772/ty-0.0.66-py3-none-musllinux_1_2_aarch64.whl", hash = "sha256:7304a1df54741a2343801354f41d7ad87974acb541ee3e93c26cb6a1a0b863af", size = 12082318, upload-time = "2026-08-04T01:09:28.877Z" },
    { url = "https://files.pythonhosted.org/packages/08/20/70ca0eac2427d4a58a81a3a9426b20e46fb4a5a13aefc9edc2e5172e1243/ty-0.0.66-py3-none-musllinux_1_2_armv7l.whl", hash = "sha256:cf2c062863e5da0f588b0b120fec0da2e81c0913ee4cd07b50d77aa60ffd8deb", size = 12228978, upload-time = "2026-08-04T01:09:31.905Z" },
    { url = "https://files.pythonhosted.org/packages/7c/01/5a461ab34456d788248780830aed673c9e0e796f6e9dd92d3dbf02e04d7f/ty-0.0.66-py3-none-musllinux_1_2_i686.whl", hash = "sha256:a58d32c879d86428978332adf21e85009ec269314a23d330c3483c65b57aedc7", size = 12471917, upload-time = "2026-08-04T01:09:34.418Z" },
    { url = "https://files.pythonhosted.org/packages/46/ed/f8eb5eff7c9ee644490c6d2626425935c097acc54871adf659ea70624a2c/ty-0.0.66-py3-none-musllinux_1_2_x86_64.whl", hash = "sha256:b2f810fa3516c977630d78dbe9161592b3c27029fa9bb81074366624d9b5e4b6", size = 12858086, upload-time = "2026-08-04T01:09:37.602Z" },
    { url = "https://files.pythonhosted.org/packages/02/7f/8a78361f752274a550a7f6f07f127b246ece7d7fdde31121d22074e46eab/ty-0.0.66-py3-none-win32.whl", hash = "sha256:d28c3df565a387c1c5ea359aa452a46d19163616ef71be819058a424a62f1ae1", size = 11782494, upload-time = "2026-08-04T01:09:40.136Z" },
    { url = "https://files.pythonhosted.org/packages/7d/e2/deed22b823ce309b8410d50414fd15afe9e90aee8b8ca04789ba55c21231/ty-0.0.66-py3-none-win_amd64.whl", hash = "sha256:e3a457f3312c078f24c47d0da6e4f73de34d0a77ed2de22571c066c80b2fd5e7", size = 12893338, upload-time = "2026-08-04T01:09:42.825Z" },
    { url = "https://files.pythonhosted.org/packages/f9/ce/6c828f42ef1ed39f53f57f9c0cdcdf03e23666fa7a29d799042a2c34bcb4/ty-0.0.66-py3-none-win_arm64.whl", hash = "sha256:2f62ae247b9c75674fcc060635f9f00210357da7681de59234d97b50fb9e9e94", size = 12227381, upload-time = "2026-08-04T01:09:45.365Z" },
]
